
Microsoft Visual Studio Solution File, Format Version 9.00
# Visual Studio 2005
Project("{8BC9CEB8-8B4A-11D0-8D11-00A0C91BC942}") = "cowichan_serial", "..\cowichan_serial\cowichan_serial.vcproj", "{3F8546A1-038C-4BA9-B28F-22E0E0925501}"
EndProject
Project("{8BC9CEB8-8B4A-11D0-8D11-00A0C91BC942}") = "cowichan_openmp", "..\cowichan_openmp\cowichan_openmp.vcproj", "{11DE927D-B71F-47CD-B8B8-5221EC3EC3AD}"
EndProject
Global
	GlobalSection(SolutionConfigurationPlatforms) = preSolution
		Debug|Win32 = Debug|Win32
		Release|Win32 = Release|Win32
	EndGlobalSection
	GlobalSection(ProjectConfigurationPlatforms) = postSolution
		{3F8546A1-038C-4BA9-B28F-22E0E0925501}.Debug|Win32.ActiveCfg = Debug|Win32
		{3F8546A1-038C-4BA9-B28F-22E0E0925501}.Debug|Win32.Build.0 = Debug|Win32
		{3F8546A1-038C-4BA9-B28F-22E0E0925501}.Release|Win32.ActiveCfg = Release|Win32
		{3F8546A1-038C-4BA9-B28F-22E0E0925501}.Release|Win32.Build.0 = Release|Win32
		{11DE927D-B71F-47CD-B8B8-5221EC3EC3AD}.Debug|Win32.ActiveCfg = Debug|Win32
		{11DE927D-B71F-47CD-B8B8-5221EC3EC3AD}.Debug|Win32.Build.0 = Debug|Win32
		{11DE927D-B71F-47CD-B8B8-5221EC3EC3AD}.Release|Win32.ActiveCfg = Release|Win32
		{11DE927D-B71F-47CD-B8B8-5221EC3EC3AD}.Release|Win32.Build.0 = Release|Win32
	EndGlobalSection
	GlobalSection(SolutionProperties) = preSolution
		HideSolutionNode = FALSE
	EndGlobalSection
EndGlobal
