
Microsoft Visual Studio Solution File, Format Version 9.00
# Visual Studio 2005
Project("{8BC9CEB8-8B4A-11D0-8D11-00A0C91BC942}") = "life", "life\life.vcproj", "{441AD076-AD99-4E22-AB03-4D5F5EEA2175}"
EndProject
Project("{8BC9CEB8-8B4A-11D0-8D11-00A0C91BC942}") = "randmat", "randmat\randmat.vcproj", "{7E09A8E5-A7B4-4C82-B4F1-30014AE6F578}"
EndProject
Project("{8BC9CEB8-8B4A-11D0-8D11-00A0C91BC942}") = "product", "product\product.vcproj", "{E27E040C-36F6-4C75-8C44-A38C56DF8B0A}"
EndProject
Project("{8BC9CEB8-8B4A-11D0-8D11-00A0C91BC942}") = "gauss", "gauss\gauss.vcproj", "{092519C3-FE21-46A8-BEB9-B4B2480052F4}"
EndProject
Project("{8BC9CEB8-8B4A-11D0-8D11-00A0C91BC942}") = "norm", "norm\norm.vcproj", "{FE75C8C5-F98E-4F67-8A82-DF0CBF7B53F6}"
EndProject
Project("{8BC9CEB8-8B4A-11D0-8D11-00A0C91BC942}") = "mandel", "mandel\mandel.vcproj", "{F7BB5217-39AE-4AAE-8691-1D4990BF0913}"
EndProject
Global
	GlobalSection(SolutionConfigurationPlatforms) = preSolution
		DebugMPICH1|Win32 = DebugMPICH1|Win32
		DebugMPICH2|Win32 = DebugMPICH2|Win32
		ReleaseMPICH1|Win32 = ReleaseMPICH1|Win32
		ReleaseMPICH2|Win32 = ReleaseMPICH2|Win32
	EndGlobalSection
	GlobalSection(ProjectConfigurationPlatforms) = postSolution
		{441AD076-AD99-4E22-AB03-4D5F5EEA2175}.DebugMPICH1|Win32.ActiveCfg = DebugMPICH1|Win32
		{441AD076-AD99-4E22-AB03-4D5F5EEA2175}.DebugMPICH1|Win32.Build.0 = DebugMPICH1|Win32
		{441AD076-AD99-4E22-AB03-4D5F5EEA2175}.DebugMPICH2|Win32.ActiveCfg = DebugMPICH2|Win32
		{441AD076-AD99-4E22-AB03-4D5F5EEA2175}.DebugMPICH2|Win32.Build.0 = DebugMPICH2|Win32
		{441AD076-AD99-4E22-AB03-4D5F5EEA2175}.ReleaseMPICH1|Win32.ActiveCfg = ReleaseMPICH1|Win32
		{441AD076-AD99-4E22-AB03-4D5F5EEA2175}.ReleaseMPICH1|Win32.Build.0 = ReleaseMPICH1|Win32
		{441AD076-AD99-4E22-AB03-4D5F5EEA2175}.ReleaseMPICH2|Win32.ActiveCfg = ReleaseMPICH2|Win32
		{441AD076-AD99-4E22-AB03-4D5F5EEA2175}.ReleaseMPICH2|Win32.Build.0 = ReleaseMPICH2|Win32
		{7E09A8E5-A7B4-4C82-B4F1-30014AE6F578}.DebugMPICH1|Win32.ActiveCfg = DebugMPICH1|Win32
		{7E09A8E5-A7B4-4C82-B4F1-30014AE6F578}.DebugMPICH1|Win32.Build.0 = DebugMPICH1|Win32
		{7E09A8E5-A7B4-4C82-B4F1-30014AE6F578}.DebugMPICH2|Win32.ActiveCfg = DebugMPICH2|Win32
		{7E09A8E5-A7B4-4C82-B4F1-30014AE6F578}.DebugMPICH2|Win32.Build.0 = DebugMPICH2|Win32
		{7E09A8E5-A7B4-4C82-B4F1-30014AE6F578}.ReleaseMPICH1|Win32.ActiveCfg = ReleaseMPICH1|Win32
		{7E09A8E5-A7B4-4C82-B4F1-30014AE6F578}.ReleaseMPICH1|Win32.Build.0 = ReleaseMPICH1|Win32
		{7E09A8E5-A7B4-4C82-B4F1-30014AE6F578}.ReleaseMPICH2|Win32.ActiveCfg = ReleaseMPICH2|Win32
		{7E09A8E5-A7B4-4C82-B4F1-30014AE6F578}.ReleaseMPICH2|Win32.Build.0 = ReleaseMPICH2|Win32
		{E27E040C-36F6-4C75-8C44-A38C56DF8B0A}.DebugMPICH1|Win32.ActiveCfg = DebugMPICH1|Win32
		{E27E040C-36F6-4C75-8C44-A38C56DF8B0A}.DebugMPICH1|Win32.Build.0 = DebugMPICH1|Win32
		{E27E040C-36F6-4C75-8C44-A38C56DF8B0A}.DebugMPICH2|Win32.ActiveCfg = DebugMPICH2|Win32
		{E27E040C-36F6-4C75-8C44-A38C56DF8B0A}.DebugMPICH2|Win32.Build.0 = DebugMPICH2|Win32
		{E27E040C-36F6-4C75-8C44-A38C56DF8B0A}.ReleaseMPICH1|Win32.ActiveCfg = ReleaseMPICH1|Win32
		{E27E040C-36F6-4C75-8C44-A38C56DF8B0A}.ReleaseMPICH1|Win32.Build.0 = ReleaseMPICH1|Win32
		{E27E040C-36F6-4C75-8C44-A38C56DF8B0A}.ReleaseMPICH2|Win32.ActiveCfg = ReleaseMPICH2|Win32
		{E27E040C-36F6-4C75-8C44-A38C56DF8B0A}.ReleaseMPICH2|Win32.Build.0 = ReleaseMPICH2|Win32
		{092519C3-FE21-46A8-BEB9-B4B2480052F4}.DebugMPICH1|Win32.ActiveCfg = DebugMPICH1|Win32
		{092519C3-FE21-46A8-BEB9-B4B2480052F4}.DebugMPICH1|Win32.Build.0 = DebugMPICH1|Win32
		{092519C3-FE21-46A8-BEB9-B4B2480052F4}.DebugMPICH2|Win32.ActiveCfg = DebugMPICH2|Win32
		{092519C3-FE21-46A8-BEB9-B4B2480052F4}.DebugMPICH2|Win32.Build.0 = DebugMPICH2|Win32
		{092519C3-FE21-46A8-BEB9-B4B2480052F4}.ReleaseMPICH1|Win32.ActiveCfg = ReleaseMPICH1|Win32
		{092519C3-FE21-46A8-BEB9-B4B2480052F4}.ReleaseMPICH1|Win32.Build.0 = ReleaseMPICH1|Win32
		{092519C3-FE21-46A8-BEB9-B4B2480052F4}.ReleaseMPICH2|Win32.ActiveCfg = ReleaseMPICH2|Win32
		{092519C3-FE21-46A8-BEB9-B4B2480052F4}.ReleaseMPICH2|Win32.Build.0 = ReleaseMPICH2|Win32
		{FE75C8C5-F98E-4F67-8A82-DF0CBF7B53F6}.DebugMPICH1|Win32.ActiveCfg = DebugMPICH1|Win32
		{FE75C8C5-F98E-4F67-8A82-DF0CBF7B53F6}.DebugMPICH1|Win32.Build.0 = DebugMPICH1|Win32
		{FE75C8C5-F98E-4F67-8A82-DF0CBF7B53F6}.DebugMPICH2|Win32.ActiveCfg = DebugMPICH2|Win32
		{FE75C8C5-F98E-4F67-8A82-DF0CBF7B53F6}.DebugMPICH2|Win32.Build.0 = DebugMPICH2|Win32
		{FE75C8C5-F98E-4F67-8A82-DF0CBF7B53F6}.ReleaseMPICH1|Win32.ActiveCfg = ReleaseMPICH1|Win32
		{FE75C8C5-F98E-4F67-8A82-DF0CBF7B53F6}.ReleaseMPICH1|Win32.Build.0 = ReleaseMPICH1|Win32
		{FE75C8C5-F98E-4F67-8A82-DF0CBF7B53F6}.ReleaseMPICH2|Win32.ActiveCfg = ReleaseMPICH2|Win32
		{FE75C8C5-F98E-4F67-8A82-DF0CBF7B53F6}.ReleaseMPICH2|Win32.Build.0 = ReleaseMPICH2|Win32
		{F7BB5217-39AE-4AAE-8691-1D4990BF0913}.DebugMPICH1|Win32.ActiveCfg = DebugMPICH1|Win32
		{F7BB5217-39AE-4AAE-8691-1D4990BF0913}.DebugMPICH1|Win32.Build.0 = DebugMPICH1|Win32
		{F7BB5217-39AE-4AAE-8691-1D4990BF0913}.DebugMPICH2|Win32.ActiveCfg = DebugMPICH2|Win32
		{F7BB5217-39AE-4AAE-8691-1D4990BF0913}.DebugMPICH2|Win32.Build.0 = DebugMPICH2|Win32
		{F7BB5217-39AE-4AAE-8691-1D4990BF0913}.ReleaseMPICH1|Win32.ActiveCfg = ReleaseMPICH1|Win32
		{F7BB5217-39AE-4AAE-8691-1D4990BF0913}.ReleaseMPICH1|Win32.Build.0 = ReleaseMPICH1|Win32
		{F7BB5217-39AE-4AAE-8691-1D4990BF0913}.ReleaseMPICH2|Win32.ActiveCfg = ReleaseMPICH2|Win32
		{F7BB5217-39AE-4AAE-8691-1D4990BF0913}.ReleaseMPICH2|Win32.Build.0 = ReleaseMPICH2|Win32
	EndGlobalSection
	GlobalSection(SolutionProperties) = preSolution
		HideSolutionNode = FALSE
	EndGlobalSection
EndGlobal
